<?xml version="1.0" encoding="utf-8"?>
<Project ToolsVersion="4.0" xmlns="http://schemas.microsoft.com/developer/msbuild/2003">
  <ItemGroup>
    <Filter Include="ソース ファイル">
      <UniqueIdentifier>{4FC737F1-C7A5-4376-A066-2A32D752A2FF}</UniqueIdentifier>
      <Extensions>cpp;c;cc;cxx;def;odl;idl;hpj;bat;asm;asmx</Extensions>
    </Filter>
    <Filter Include="ヘッダー ファイル">
      <UniqueIdentifier>{93995380-89BD-4b04-88EB-625FBE52EBFB}</UniqueIdentifier>
      <Extensions>h;hpp;hxx;hm;inl;inc;xsd</Extensions>
    </Filter>
    <Filter Include="リソース ファイル">
      <UniqueIdentifier>{67DA6AB6-F800-4c08-8B7A-83BB121AAD01}</UniqueIdentifier>
      <Extensions>rc;ico;cur;bmp;dlg;rc2;rct;bin;rgs;gif;jpg;jpeg;jpe;resx;tiff;tif;png;wav;mfcribbon-ms</Extensions>
    </Filter>
    <Filter Include="External">
      <UniqueIdentifier>{58933b1c-2e68-48a6-abd9-fdac5ba6c418}</UniqueIdentifier>
    </Filter>
    <Filter Include="External\Squirrel">
      <UniqueIdentifier>{2480bf08-236b-477d-bc92-9bc1052c4225}</UniqueIdentifier>
    </Filter>
    <Filter Include="Font">
      <UniqueIdentifier>{a7f73277-c9fa-4c1e-827b-7d444009e3b1}</UniqueIdentifier>
    </Filter>
    <Filter Include="Compress">
      <UniqueIdentifier>{7f8691da-a8ba-43bc-ad32-e6e461e5cbc4}</UniqueIdentifier>
    </Filter>
    <Filter Include="Audio">
      <UniqueIdentifier>{f9b71a03-43db-4d30-9d22-ed616ef062c2}</UniqueIdentifier>
    </Filter>
    <Filter Include="Graphic">
      <UniqueIdentifier>{3fc35153-0eda-4b0f-a3e3-2904b7ac29c2}</UniqueIdentifier>
    </Filter>
    <Filter Include="Core">
      <UniqueIdentifier>{3cf0a025-1ecc-4634-b332-437209b0b2c6}</UniqueIdentifier>
    </Filter>
    <Filter Include="External\Squirrel\Sqrat">
      <UniqueIdentifier>{1a405331-a577-4403-9f77-028983948bb0}</UniqueIdentifier>
    </Filter>
    <Filter Include="External\Squirrel\Sqstd">
      <UniqueIdentifier>{e7930be7-002a-4ffa-9d6c-9b58205e55e6}</UniqueIdentifier>
    </Filter>
    <Filter Include="External\FreeType">
      <UniqueIdentifier>{eb01f19c-673e-438b-aed5-5cf3d27c611d}</UniqueIdentifier>
    </Filter>
  </ItemGroup>
  <ItemGroup>
    <ClInclude Include="..\..\..\..\..\Rimlia\RimCommonCtrl.h">
      <Filter>ヘッダー ファイル</Filter>
    </ClInclude>
    <ClInclude Include="..\..\..\..\..\Rimlia\RimDLLLoader.h">
      <Filter>ヘッダー ファイル</Filter>
    </ClInclude>
    <ClInclude Include="..\..\..\..\..\Rimlia\RimNetWork.h">
      <Filter>ヘッダー ファイル</Filter>
    </ClInclude>
    <ClInclude Include="..\..\..\..\..\Rimlia\RimRegistry.h">
      <Filter>ヘッダー ファイル</Filter>
    </ClInclude>
    <ClInclude Include="..\..\..\..\..\Rimlia\RimTypeDef.h">
      <Filter>ヘッダー ファイル</Filter>
    </ClInclude>
    <ClInclude Include="..\..\..\..\..\Rimlia\bmfont.h">
      <Filter>Font</Filter>
    </ClInclude>
    <ClInclude Include="..\..\..\..\..\Rimlia\RimCGLoader.h">
      <Filter>Graphic</Filter>
    </ClInclude>
    <ClInclude Include="..\..\..\..\..\Rimlia\RimACMDecoder.h">
      <Filter>Audio</Filter>
    </ClInclude>
    <ClInclude Include="..\..\..\..\..\Rimlia\RimDIBSection.h">
      <Filter>Graphic</Filter>
    </ClInclude>
    <ClInclude Include="..\..\..\..\..\Rimlia\RimDDSLoader.h">
      <Filter>Graphic</Filter>
    </ClInclude>
    <ClInclude Include="..\..\..\..\..\Rimlia\RimEventObject.h">
      <Filter>Core</Filter>
    </ClInclude>
    <ClInclude Include="..\..\..\..\..\Rimlia\RimImageSaver.h">
      <Filter>Graphic</Filter>
    </ClInclude>
    <ClInclude Include="..\..\..\..\..\Rimlia\RimImageLoader.h">
      <Filter>Graphic</Filter>
    </ClInclude>
    <ClInclude Include="..\..\..\..\..\Rimlia\RimFont.h">
      <Filter>Font</Filter>
    </ClInclude>
    <ClInclude Include="..\..\..\..\..\Rimlia\RimFreeType.h">
      <Filter>Font</Filter>
    </ClInclude>
    <ClInclude Include="..\..\..\..\..\Rimlia\RimHeap.h">
      <Filter>Core</Filter>
    </ClInclude>
    <ClInclude Include="..\..\..\..\..\Rimlia\RimFileStream.h">
      <Filter>Core</Filter>
    </ClInclude>
    <ClInclude Include="..\..\..\..\..\Rimlia\RimFile.h">
      <Filter>Core</Filter>
    </ClInclude>
    <ClInclude Include="..\..\..\..\..\Rimlia\RimPNGLoader.h">
      <Filter>Graphic</Filter>
    </ClInclude>
    <ClInclude Include="..\..\..\..\..\Rimlia\RimPSDLoader.h">
      <Filter>Graphic</Filter>
    </ClInclude>
    <ClInclude Include="..\..\..\..\..\Rimlia\RimTimer.h">
      <Filter>Core</Filter>
    </ClInclude>
    <ClInclude Include="..\..\..\..\..\Rimlia\RimThread.h">
      <Filter>Core</Filter>
    </ClInclude>
    <ClInclude Include="..\..\..\..\..\Rimlia\RimSysInfo.h">
      <Filter>Core</Filter>
    </ClInclude>
    <ClInclude Include="..\..\..\..\..\Rimlia\RimSysInfo_Win.h">
      <Filter>Core</Filter>
    </ClInclude>
    <ClInclude Include="..\..\..\..\..\Rimlia\RimWindow.h">
      <Filter>Core</Filter>
    </ClInclude>
    <ClInclude Include="..\..\..\..\..\Rimlia\RimRLECompressor.h">
      <Filter>Compress</Filter>
    </ClInclude>
    <ClInclude Include="..\..\..\..\..\Rimlia\RimSignal.h">
      <Filter>Core</Filter>
    </ClInclude>
    <ClInclude Include="..\..\..\..\..\Rimlia\RimCriticalSection.h">
      <Filter>Core</Filter>
    </ClInclude>
    <ClInclude Include="..\..\..\..\..\Rimlia\RimDataStream.h">
      <Filter>Core</Filter>
    </ClInclude>
    <ClInclude Include="..\..\..\..\..\Rimlia\RimCompressor.h">
      <Filter>Compress</Filter>
    </ClInclude>
    <ClInclude Include="..\..\..\..\..\Rimlia\RimOggDecoder.h">
      <Filter>Audio</Filter>
    </ClInclude>
    <ClInclude Include="..\..\..\..\..\Rimlia\RimSoundDecoder.h">
      <Filter>Audio</Filter>
    </ClInclude>
    <ClInclude Include="..\..\..\..\..\Rimlia\RimSoundManager.h">
      <Filter>Audio</Filter>
    </ClInclude>
    <ClInclude Include="..\..\..\..\..\Rimlia\RimTLGLoader.h">
      <Filter>Graphic</Filter>
    </ClInclude>
  </ItemGroup>
  <ItemGroup>
    <ClCompile Include="..\..\..\..\..\Rimlia\RimCommonCtrl.cpp">
      <Filter>ソース ファイル</Filter>
    </ClCompile>
    <ClCompile Include="..\..\..\..\..\Rimlia\RimNetWork.cpp">
      <Filter>ソース ファイル</Filter>
    </ClCompile>
    <ClCompile Include="..\..\..\..\..\Rimlia\RimRegistry.cpp">
      <Filter>ソース ファイル</Filter>
    </ClCompile>
    <ClCompile Include="..\..\..\..\..\Rimlia\bmfont.cpp">
      <Filter>Font</Filter>
    </ClCompile>
    <ClCompile Include="..\..\..\..\..\Rimlia\RimACMDecoder.cpp">
      <Filter>Audio</Filter>
    </ClCompile>
    <ClCompile Include="..\..\..\..\..\Rimlia\RimCGLoader.cpp">
      <Filter>Graphic</Filter>
    </ClCompile>
    <ClCompile Include="..\..\..\..\..\Rimlia\RimCriticalSection.cpp">
      <Filter>Core</Filter>
    </ClCompile>
    <ClCompile Include="..\..\..\..\..\Rimlia\RimDataStream.cpp">
      <Filter>Core</Filter>
    </ClCompile>
    <ClCompile Include="..\..\..\..\..\Rimlia\RimDDSLoader.cpp">
      <Filter>Graphic</Filter>
    </ClCompile>
    <ClCompile Include="..\..\..\..\..\Rimlia\RimDIBSection.cpp">
      <Filter>Graphic</Filter>
    </ClCompile>
    <ClCompile Include="..\..\..\..\..\Rimlia\RimFile.cpp">
      <Filter>Core</Filter>
    </ClCompile>
    <ClCompile Include="..\..\..\..\..\Rimlia\RimFileStream.cpp">
      <Filter>Core</Filter>
    </ClCompile>
    <ClCompile Include="..\..\..\..\..\Rimlia\RimImageSaver.cpp">
      <Filter>Graphic</Filter>
    </ClCompile>
    <ClCompile Include="..\..\..\..\..\Rimlia\RimImageLoader.cpp">
      <Filter>Graphic</Filter>
    </ClCompile>
    <ClCompile Include="..\..\..\..\..\Rimlia\RimFont.cpp">
      <Filter>Font</Filter>
    </ClCompile>
    <ClCompile Include="..\..\..\..\..\Rimlia\RimHeap.cpp">
      <Filter>Core</Filter>
    </ClCompile>
    <ClCompile Include="..\..\..\..\..\Rimlia\RimOggDecoder.cpp">
      <Filter>Audio</Filter>
    </ClCompile>
    <ClCompile Include="..\..\..\..\..\Rimlia\RimPNGLoader.cpp">
      <Filter>Graphic</Filter>
    </ClCompile>
    <ClCompile Include="..\..\..\..\..\Rimlia\RimRLECompressor.cpp">
      <Filter>Compress</Filter>
    </ClCompile>
    <ClCompile Include="..\..\..\..\..\Rimlia\RimSoundDecoder.cpp">
      <Filter>Audio</Filter>
    </ClCompile>
    <ClCompile Include="..\..\..\..\..\Rimlia\RimSoundManager.cpp">
      <Filter>Audio</Filter>
    </ClCompile>
    <ClCompile Include="..\..\..\..\..\Rimlia\RimSysInfo_Win.cpp">
      <Filter>Core</Filter>
    </ClCompile>
    <ClCompile Include="..\..\..\..\..\Rimlia\RimTimer.cpp">
      <Filter>Core</Filter>
    </ClCompile>
    <ClCompile Include="..\..\..\..\..\Rimlia\RimTLGLoader.cpp">
      <Filter>Graphic</Filter>
    </ClCompile>
    <ClCompile Include="..\..\..\..\..\Rimlia\RimWindow.cpp">
      <Filter>Core</Filter>
    </ClCompile>
  </ItemGroup>
</Project>